
Microsoft Visual Studio Solution File, Format Version 12.00
# Visual Studio Version 16
VisualStudioVersion = 16.0.29728.190
MinimumVisualStudioVersion = 10.0.40219.1
Project("{FAE04EC0-301F-11D3-BF4B-00C04F79EFBC}") = "ConsoleAppCalculeChange", "ConsoleAppCalculeChange\ConsoleAppCalculeChange.csproj", "{17453279-D356-4FE3-88D7-2623C93AF04E}"
EndProject
Project("{FAE04EC0-301F-11D3-BF4B-00C04F79EFBC}") = "UnitTestProjectCalculeChange", "UnitTestProjectCalculeChange\UnitTestProjectCalculeChange.csproj", "{159CBE06-6EAF-41EE-9928-194004FDCC05}"
EndProject
Global
	GlobalSection(SolutionConfigurationPlatforms) = preSolution
		Debug|Any CPU = Debug|Any CPU
		Release|Any CPU = Release|Any CPU
	EndGlobalSection
	GlobalSection(ProjectConfigurationPlatforms) = postSolution
		{17453279-D356-4FE3-88D7-2623C93AF04E}.Debug|Any CPU.ActiveCfg = Debug|Any CPU
		{17453279-D356-4FE3-88D7-2623C93AF04E}.Debug|Any CPU.Build.0 = Debug|Any CPU
		{17453279-D356-4FE3-88D7-2623C93AF04E}.Release|Any CPU.ActiveCfg = Release|Any CPU
		{17453279-D356-4FE3-88D7-2623C93AF04E}.Release|Any CPU.Build.0 = Release|Any CPU
		{159CBE06-6EAF-41EE-9928-194004FDCC05}.Debug|Any CPU.ActiveCfg = Debug|Any CPU
		{159CBE06-6EAF-41EE-9928-194004FDCC05}.Debug|Any CPU.Build.0 = Debug|Any CPU
		{159CBE06-6EAF-41EE-9928-194004FDCC05}.Release|Any CPU.ActiveCfg = Release|Any CPU
		{159CBE06-6EAF-41EE-9928-194004FDCC05}.Release|Any CPU.Build.0 = Release|Any CPU
	EndGlobalSection
	GlobalSection(SolutionProperties) = preSolution
		HideSolutionNode = FALSE
	EndGlobalSection
	GlobalSection(ExtensibilityGlobals) = postSolution
		SolutionGuid = {8BA08B7E-37DD-43E6-A2E7-D4166B4788F3}
	EndGlobalSection
EndGlobal
